// !$*UTF8*$!
{
	archiveVersion = 1;
	classes = {
	};
	objectVersion = 55;
	objects = {

/* Begin PBXBuildFile section */
		DE2F137928D3328F007FA0B5 /* SearchBar.swift in Sources */ = {isa = PBXBuildFile; fileRef = DE2F137828D3328F007FA0B5 /* SearchBar.swift */; };
		DE2F138228D33E1B007FA0B5 /* ImageLoader.swift in Sources */ = {isa = PBXBuildFile; fileRef = DE2F137E28D33E1B007FA0B5 /* ImageLoader.swift */; };
		DE2F138328D33E1B007FA0B5 /* EnvironmentValues+ImageCache.swift in Sources */ = {isa = PBXBuildFile; fileRef = DE2F137F28D33E1B007FA0B5 /* EnvironmentValues+ImageCache.swift */; };
		DE2F138428D33E1B007FA0B5 /* AsyncImage.swift in Sources */ = {isa = PBXBuildFile; fileRef = DE2F138028D33E1B007FA0B5 /* AsyncImage.swift */; };
		DE2F138528D33E1B007FA0B5 /* ImageCache.swift in Sources */ = {isa = PBXBuildFile; fileRef = DE2F138128D33E1B007FA0B5 /* ImageCache.swift */; };
		DE50C25D28D205ED00EC8558 /* SourcesListRouter.swift in Sources */ = {isa = PBXBuildFile; fileRef = DE50C25C28D205ED00EC8558 /* SourcesListRouter.swift */; };
		DE6290F628D0B1D500A19749 /* CategoriesListPresenter.swift in Sources */ = {isa = PBXBuildFile; fileRef = DE6290F528D0B1D500A19749 /* CategoriesListPresenter.swift */; };
		DE6290F828D0B2A300A19749 /* CategoriesListRouter.swift in Sources */ = {isa = PBXBuildFile; fileRef = DE6290F728D0B2A300A19749 /* CategoriesListRouter.swift */; };
		DE6290FA28D0B31B00A19749 /* CategoriesListView.swift in Sources */ = {isa = PBXBuildFile; fileRef = DE6290F928D0B31B00A19749 /* CategoriesListView.swift */; };
		DE6290FC28D0B32800A19749 /* SourcesListView.swift in Sources */ = {isa = PBXBuildFile; fileRef = DE6290FB28D0B32800A19749 /* SourcesListView.swift */; };
		DE703C3828CF586A00EF0B2A /* Alamofire in Frameworks */ = {isa = PBXBuildFile; productRef = DE703C3728CF586A00EF0B2A /* Alamofire */; };
		DE703C3A28CF647100EF0B2A /* NetworkLayer.swift in Sources */ = {isa = PBXBuildFile; fileRef = DE703C3928CF647100EF0B2A /* NetworkLayer.swift */; };
		DE703C3D28CF911800EF0B2A /* ArticlesCard.swift in Sources */ = {isa = PBXBuildFile; fileRef = DE703C3C28CF911800EF0B2A /* ArticlesCard.swift */; };
		DE703C3F28CFA06B00EF0B2A /* NewsWebView.swift in Sources */ = {isa = PBXBuildFile; fileRef = DE703C3E28CFA06B00EF0B2A /* NewsWebView.swift */; };
		DEED56A028D0C59100EE99FC /* SourcesListInteractor.swift in Sources */ = {isa = PBXBuildFile; fileRef = DEED569F28D0C59100EE99FC /* SourcesListInteractor.swift */; };
		DEED56A228D0C5A200EE99FC /* SourcesListPresenter.swift in Sources */ = {isa = PBXBuildFile; fileRef = DEED56A128D0C5A200EE99FC /* SourcesListPresenter.swift */; };
		DEED56A428D0C5B200EE99FC /* SourcesResponse.swift in Sources */ = {isa = PBXBuildFile; fileRef = DEED56A328D0C5B200EE99FC /* SourcesResponse.swift */; };
		DEEFD48A28CF48AD003BECF5 /* Avows_RecruitmentApp.swift in Sources */ = {isa = PBXBuildFile; fileRef = DEEFD48928CF48AD003BECF5 /* Avows_RecruitmentApp.swift */; };
		DEEFD48C28CF48AD003BECF5 /* ContentView.swift in Sources */ = {isa = PBXBuildFile; fileRef = DEEFD48B28CF48AD003BECF5 /* ContentView.swift */; };
		DEEFD48E28CF48AE003BECF5 /* Assets.xcassets in Resources */ = {isa = PBXBuildFile; fileRef = DEEFD48D28CF48AE003BECF5 /* Assets.xcassets */; };
		DEEFD49128CF48AE003BECF5 /* Preview Assets.xcassets in Resources */ = {isa = PBXBuildFile; fileRef = DEEFD49028CF48AE003BECF5 /* Preview Assets.xcassets */; };
		DEEFD49E28CF4C1D003BECF5 /* NewsListRouter.swift in Sources */ = {isa = PBXBuildFile; fileRef = DEEFD49D28CF4C1D003BECF5 /* NewsListRouter.swift */; };
		DEEFD4A028CF4C47003BECF5 /* NewsListPresenter.swift in Sources */ = {isa = PBXBuildFile; fileRef = DEEFD49F28CF4C47003BECF5 /* NewsListPresenter.swift */; };
		DEEFD4A228CF4CA1003BECF5 /* NewsListInteractor.swift in Sources */ = {isa = PBXBuildFile; fileRef = DEEFD4A128CF4CA1003BECF5 /* NewsListInteractor.swift */; };
		DEEFD4A428CF4CBB003BECF5 /* NewsListView.swift in Sources */ = {isa = PBXBuildFile; fileRef = DEEFD4A328CF4CBB003BECF5 /* NewsListView.swift */; };
		DEEFD4A628CF4CC9003BECF5 /* NewsResponse.swift in Sources */ = {isa = PBXBuildFile; fileRef = DEEFD4A528CF4CC9003BECF5 /* NewsResponse.swift */; };
/* End PBXBuildFile section */

/* Begin PBXFileReference section */
		DE2F137828D3328F007FA0B5 /* SearchBar.swift */ = {isa = PBXFileReference; lastKnownFileType = sourcecode.swift; path = SearchBar.swift; sourceTree = "<group>"; };
		DE2F137E28D33E1B007FA0B5 /* ImageLoader.swift */ = {isa = PBXFileReference; fileEncoding = 4; lastKnownFileType = sourcecode.swift; path = ImageLoader.swift; sourceTree = "<group>"; };
		DE2F137F28D33E1B007FA0B5 /* EnvironmentValues+ImageCache.swift */ = {isa = PBXFileReference; fileEncoding = 4; lastKnownFileType = sourcecode.swift; path = "EnvironmentValues+ImageCache.swift"; sourceTree = "<group>"; };
		DE2F138028D33E1B007FA0B5 /* AsyncImage.swift */ = {isa = PBXFileReference; fileEncoding = 4; lastKnownFileType = sourcecode.swift; path = AsyncImage.swift; sourceTree = "<group>"; };
		DE2F138128D33E1B007FA0B5 /* ImageCache.swift */ = {isa = PBXFileReference; fileEncoding = 4; lastKnownFileType = sourcecode.swift; path = ImageCache.swift; sourceTree = "<group>"; };
		DE50C25C28D205ED00EC8558 /* SourcesListRouter.swift */ = {isa = PBXFileReference; lastKnownFileType = sourcecode.swift; path = SourcesListRouter.swift; sourceTree = "<group>"; };
		DE6290F528D0B1D500A19749 /* CategoriesListPresenter.swift */ = {isa = PBXFileReference; lastKnownFileType = sourcecode.swift; path = CategoriesListPresenter.swift; sourceTree = "<group>"; };
		DE6290F728D0B2A300A19749 /* CategoriesListRouter.swift */ = {isa = PBXFileReference; lastKnownFileType = sourcecode.swift; path = CategoriesListRouter.swift; sourceTree = "<group>"; };
		DE6290F928D0B31B00A19749 /* CategoriesListView.swift */ = {isa = PBXFileReference; lastKnownFileType = sourcecode.swift; path = CategoriesListView.swift; sourceTree = "<group>"; };
		DE6290FB28D0B32800A19749 /* SourcesListView.swift */ = {isa = PBXFileReference; lastKnownFileType = sourcecode.swift; path = SourcesListView.swift; sourceTree = "<group>"; };
		DE703C3928CF647100EF0B2A /* NetworkLayer.swift */ = {isa = PBXFileReference; lastKnownFileType = sourcecode.swift; path = NetworkLayer.swift; sourceTree = "<group>"; };
		DE703C3C28CF911800EF0B2A /* ArticlesCard.swift */ = {isa = PBXFileReference; lastKnownFileType = sourcecode.swift; path = ArticlesCard.swift; sourceTree = "<group>"; };
		DE703C3E28CFA06B00EF0B2A /* NewsWebView.swift */ = {isa = PBXFileReference; lastKnownFileType = sourcecode.swift; path = NewsWebView.swift; sourceTree = "<group>"; };
		DEED569F28D0C59100EE99FC /* SourcesListInteractor.swift */ = {isa = PBXFileReference; lastKnownFileType = sourcecode.swift; path = SourcesListInteractor.swift; sourceTree = "<group>"; };
		DEED56A128D0C5A200EE99FC /* SourcesListPresenter.swift */ = {isa = PBXFileReference; lastKnownFileType = sourcecode.swift; path = SourcesListPresenter.swift; sourceTree = "<group>"; };
		DEED56A328D0C5B200EE99FC /* SourcesResponse.swift */ = {isa = PBXFileReference; lastKnownFileType = sourcecode.swift; path = SourcesResponse.swift; sourceTree = "<group>"; };
		DEEFD48628CF48AD003BECF5 /* Avows Recruitment.app */ = {isa = PBXFileReference; explicitFileType = wrapper.application; includeInIndex = 0; path = "Avows Recruitment.app"; sourceTree = BUILT_PRODUCTS_DIR; };
		DEEFD48928CF48AD003BECF5 /* Avows_RecruitmentApp.swift */ = {isa = PBXFileReference; lastKnownFileType = sourcecode.swift; path = Avows_RecruitmentApp.swift; sourceTree = "<group>"; };
		DEEFD48B28CF48AD003BECF5 /* ContentView.swift */ = {isa = PBXFileReference; lastKnownFileType = sourcecode.swift; path = ContentView.swift; sourceTree = "<group>"; };
		DEEFD48D28CF48AE003BECF5 /* Assets.xcassets */ = {isa = PBXFileReference; lastKnownFileType = folder.assetcatalog; path = Assets.xcassets; sourceTree = "<group>"; };
		DEEFD49028CF48AE003BECF5 /* Preview Assets.xcassets */ = {isa = PBXFileReference; lastKnownFileType = folder.assetcatalog; path = "Preview Assets.xcassets"; sourceTree = "<group>"; };
		DEEFD49D28CF4C1D003BECF5 /* NewsListRouter.swift */ = {isa = PBXFileReference; lastKnownFileType = sourcecode.swift; path = NewsListRouter.swift; sourceTree = "<group>"; };
		DEEFD49F28CF4C47003BECF5 /* NewsListPresenter.swift */ = {isa = PBXFileReference; lastKnownFileType = sourcecode.swift; path = NewsListPresenter.swift; sourceTree = "<group>"; };
		DEEFD4A128CF4CA1003BECF5 /* NewsListInteractor.swift */ = {isa = PBXFileReference; lastKnownFileType = sourcecode.swift; path = NewsListInteractor.swift; sourceTree = "<group>"; };
		DEEFD4A328CF4CBB003BECF5 /* NewsListView.swift */ = {isa = PBXFileReference; lastKnownFileType = sourcecode.swift; path = NewsListView.swift; sourceTree = "<group>"; };
		DEEFD4A528CF4CC9003BECF5 /* NewsResponse.swift */ = {isa = PBXFileReference; lastKnownFileType = sourcecode.swift; path = NewsResponse.swift; sourceTree = "<group>"; };
/* End PBXFileReference section */

/* Begin PBXFrameworksBuildPhase section */
		DEEFD48328CF48AD003BECF5 /* Frameworks */ = {
			isa = PBXFrameworksBuildPhase;
			buildActionMask = 2147483647;
			files = (
				DE703C3828CF586A00EF0B2A /* Alamofire in Frameworks */,
			);
			runOnlyForDeploymentPostprocessing = 0;
		};
/* End PBXFrameworksBuildPhase section */

/* Begin PBXGroup section */
		DE2F137A28D33D56007FA0B5 /* Exensions */ = {
			isa = PBXGroup;
			children = (
				DE703C3928CF647100EF0B2A /* NetworkLayer.swift */,
				DE2F137D28D33E06007FA0B5 /* ASyncImage */,
			);
			path = Exensions;
			sourceTree = "<group>";
		};
		DE2F137D28D33E06007FA0B5 /* ASyncImage */ = {
			isa = PBXGroup;
			children = (
				DE2F138028D33E1B007FA0B5 /* AsyncImage.swift */,
				DE2F137F28D33E1B007FA0B5 /* EnvironmentValues+ImageCache.swift */,
				DE2F138128D33E1B007FA0B5 /* ImageCache.swift */,
				DE2F137E28D33E1B007FA0B5 /* ImageLoader.swift */,
			);
			path = ASyncImage;
			sourceTree = "<group>";
		};
		DE703C3B28CF90F000EF0B2A /* Assets */ = {
			isa = PBXGroup;
			children = (
				DE703C3C28CF911800EF0B2A /* ArticlesCard.swift */,
				DE2F137828D3328F007FA0B5 /* SearchBar.swift */,
			);
			path = Assets;
			sourceTree = "<group>";
		};
		DEEFD47D28CF48AD003BECF5 = {
			isa = PBXGroup;
			children = (
				DEEFD48828CF48AD003BECF5 /* Avows Recruitment */,
				DEEFD48728CF48AD003BECF5 /* Products */,
			);
			sourceTree = "<group>";
		};
		DEEFD48728CF48AD003BECF5 /* Products */ = {
			isa = PBXGroup;
			children = (
				DEEFD48628CF48AD003BECF5 /* Avows Recruitment.app */,
			);
			name = Products;
			sourceTree = "<group>";
		};
		DEEFD48828CF48AD003BECF5 /* Avows Recruitment */ = {
			isa = PBXGroup;
			children = (
				DE2F137A28D33D56007FA0B5 /* Exensions */,
				DEEFD49C28CF4BF4003BECF5 /* Views */,
				DEEFD49B28CF4BE9003BECF5 /* Interactors */,
				DEEFD49A28CF4BDC003BECF5 /* Presenters */,
				DEEFD49928CF4BB9003BECF5 /* Entities */,
				DEEFD49828CF4BA6003BECF5 /* Routers */,
				DEEFD48928CF48AD003BECF5 /* Avows_RecruitmentApp.swift */,
				DEEFD48B28CF48AD003BECF5 /* ContentView.swift */,
				DEEFD48D28CF48AE003BECF5 /* Assets.xcassets */,
				DEEFD48F28CF48AE003BECF5 /* Preview Content */,
			);
			path = "Avows Recruitment";
			sourceTree = "<group>";
		};
		DEEFD48F28CF48AE003BECF5 /* Preview Content */ = {
			isa = PBXGroup;
			children = (
				DEEFD49028CF48AE003BECF5 /* Preview Assets.xcassets */,
			);
			path = "Preview Content";
			sourceTree = "<group>";
		};
		DEEFD49828CF4BA6003BECF5 /* Routers */ = {
			isa = PBXGroup;
			children = (
				DEEFD49D28CF4C1D003BECF5 /* NewsListRouter.swift */,
				DE6290F728D0B2A300A19749 /* CategoriesListRouter.swift */,
				DE50C25C28D205ED00EC8558 /* SourcesListRouter.swift */,
			);
			path = Routers;
			sourceTree = "<group>";
		};
		DEEFD49928CF4BB9003BECF5 /* Entities */ = {
			isa = PBXGroup;
			children = (
				DEEFD4A528CF4CC9003BECF5 /* NewsResponse.swift */,
				DEED56A328D0C5B200EE99FC /* SourcesResponse.swift */,
			);
			path = Entities;
			sourceTree = "<group>";
		};
		DEEFD49A28CF4BDC003BECF5 /* Presenters */ = {
			isa = PBXGroup;
			children = (
				DEEFD49F28CF4C47003BECF5 /* NewsListPresenter.swift */,
				DE6290F528D0B1D500A19749 /* CategoriesListPresenter.swift */,
				DEED56A128D0C5A200EE99FC /* SourcesListPresenter.swift */,
			);
			path = Presenters;
			sourceTree = "<group>";
		};
		DEEFD49B28CF4BE9003BECF5 /* Interactors */ = {
			isa = PBXGroup;
			children = (
				DEEFD4A128CF4CA1003BECF5 /* NewsListInteractor.swift */,
				DEED569F28D0C59100EE99FC /* SourcesListInteractor.swift */,
			);
			path = Interactors;
			sourceTree = "<group>";
		};
		DEEFD49C28CF4BF4003BECF5 /* Views */ = {
			isa = PBXGroup;
			children = (
				DE703C3B28CF90F000EF0B2A /* Assets */,
				DEEFD4A328CF4CBB003BECF5 /* NewsListView.swift */,
				DE703C3E28CFA06B00EF0B2A /* NewsWebView.swift */,
				DE6290F928D0B31B00A19749 /* CategoriesListView.swift */,
				DE6290FB28D0B32800A19749 /* SourcesListView.swift */,
			);
			path = Views;
			sourceTree = "<group>";
		};
/* End PBXGroup section */

/* Begin PBXNativeTarget section */
		DEEFD48528CF48AD003BECF5 /* Avows Recruitment */ = {
			isa = PBXNativeTarget;
			buildConfigurationList = DEEFD49428CF48AE003BECF5 /* Build configuration list for PBXNativeTarget "Avows Recruitment" */;
			buildPhases = (
				DEEFD48228CF48AD003BECF5 /* Sources */,
				DEEFD48328CF48AD003BECF5 /* Frameworks */,
				DEEFD48428CF48AD003BECF5 /* Resources */,
			);
			buildRules = (
			);
			dependencies = (
			);
			name = "Avows Recruitment";
			packageProductDependencies = (
				DE703C3728CF586A00EF0B2A /* Alamofire */,
			);
			productName = "Avows Recruitment";
			productReference = DEEFD48628CF48AD003BECF5 /* Avows Recruitment.app */;
			productType = "com.apple.product-type.application";
		};
/* End PBXNativeTarget section */

/* Begin PBXProject section */
		DEEFD47E28CF48AD003BECF5 /* Project object */ = {
			isa = PBXProject;
			attributes = {
				BuildIndependentTargetsInParallel = 1;
				LastSwiftUpdateCheck = 1340;
				LastUpgradeCheck = 1340;
				TargetAttributes = {
					DEEFD48528CF48AD003BECF5 = {
						CreatedOnToolsVersion = 13.4.1;
					};
				};
			};
			buildConfigurationList = DEEFD48128CF48AD003BECF5 /* Build configuration list for PBXProject "Avows Recruitment" */;
			compatibilityVersion = "Xcode 13.0";
			developmentRegion = en;
			hasScannedForEncodings = 0;
			knownRegions = (
				en,
				Base,
			);
			mainGroup = DEEFD47D28CF48AD003BECF5;
			packageReferences = (
				DE703C3628CF586A00EF0B2A /* XCRemoteSwiftPackageReference "Alamofire" */,
			);
			productRefGroup = DEEFD48728CF48AD003BECF5 /* Products */;
			projectDirPath = "";
			projectRoot = "";
			targets = (
				DEEFD48528CF48AD003BECF5 /* Avows Recruitment */,
			);
		};
/* End PBXProject section */

/* Begin PBXResourcesBuildPhase section */
		DEEFD48428CF48AD003BECF5 /* Resources */ = {
			isa = PBXResourcesBuildPhase;
			buildActionMask = 2147483647;
			files = (
				DEEFD49128CF48AE003BECF5 /* Preview Assets.xcassets in Resources */,
				DEEFD48E28CF48AE003BECF5 /* Assets.xcassets in Resources */,
			);
			runOnlyForDeploymentPostprocessing = 0;
		};
/* End PBXResourcesBuildPhase section */

/* Begin PBXSourcesBuildPhase section */
		DEEFD48228CF48AD003BECF5 /* Sources */ = {
			isa = PBXSourcesBuildPhase;
			buildActionMask = 2147483647;
			files = (
				DEED56A028D0C59100EE99FC /* SourcesListInteractor.swift in Sources */,
				DE703C3F28CFA06B00EF0B2A /* NewsWebView.swift in Sources */,
				DE2F138228D33E1B007FA0B5 /* ImageLoader.swift in Sources */,
				DE703C3D28CF911800EF0B2A /* ArticlesCard.swift in Sources */,
				DEEFD4A228CF4CA1003BECF5 /* NewsListInteractor.swift in Sources */,
				DEEFD4A428CF4CBB003BECF5 /* NewsListView.swift in Sources */,
				DE6290FA28D0B31B00A19749 /* CategoriesListView.swift in Sources */,
				DE6290F828D0B2A300A19749 /* CategoriesListRouter.swift in Sources */,
				DE50C25D28D205ED00EC8558 /* SourcesListRouter.swift in Sources */,
				DEED56A428D0C5B200EE99FC /* SourcesResponse.swift in Sources */,
				DE703C3A28CF647100EF0B2A /* NetworkLayer.swift in Sources */,
				DEEFD49E28CF4C1D003BECF5 /* NewsListRouter.swift in Sources */,
				DEEFD48C28CF48AD003BECF5 /* ContentView.swift in Sources */,
				DE6290F628D0B1D500A19749 /* CategoriesListPresenter.swift in Sources */,
				DEEFD4A628CF4CC9003BECF5 /* NewsResponse.swift in Sources */,
				DE2F138528D33E1B007FA0B5 /* ImageCache.swift in Sources */,
				DEEFD48A28CF48AD003BECF5 /* Avows_RecruitmentApp.swift in Sources */,
				DE2F138428D33E1B007FA0B5 /* AsyncImage.swift in Sources */,
				DE2F138328D33E1B007FA0B5 /* EnvironmentValues+ImageCache.swift in Sources */,
				DE2F137928D3328F007FA0B5 /* SearchBar.swift in Sources */,
				DEED56A228D0C5A200EE99FC /* SourcesListPresenter.swift in Sources */,
				DEEFD4A028CF4C47003BECF5 /* NewsListPresenter.swift in Sources */,
				DE6290FC28D0B32800A19749 /* SourcesListView.swift in Sources */,
			);
			runOnlyForDeploymentPostprocessing = 0;
		};
/* End PBXSourcesBuildPhase section */

/* Begin XCBuildConfiguration section */
		DEEFD49228CF48AE003BECF5 /* Debug */ = {
			isa = XCBuildConfiguration;
			buildSettings = {
				ALWAYS_SEARCH_USER_PATHS = NO;
				CLANG_ANALYZER_NONNULL = YES;
				CLANG_ANALYZER_NUMBER_OBJECT_CONVERSION = YES_AGGRESSIVE;
				CLANG_CXX_LANGUAGE_STANDARD = "gnu++17";
				CLANG_ENABLE_MODULES = YES;
				CLANG_ENABLE_OBJC_ARC = YES;
				CLANG_ENABLE_OBJC_WEAK = YES;
				CLANG_WARN_BLOCK_CAPTURE_AUTORELEASING = YES;
				CLANG_WARN_BOOL_CONVERSION = YES;
				CLANG_WARN_COMMA = YES;
				CLANG_WARN_CONSTANT_CONVERSION = YES;
				CLANG_WARN_DEPRECATED_OBJC_IMPLEMENTATIONS = YES;
				CLANG_WARN_DIRECT_OBJC_ISA_USAGE = YES_ERROR;
				CLANG_WARN_DOCUMENTATION_COMMENTS = YES;
				CLANG_WARN_EMPTY_BODY = YES;
				CLANG_WARN_ENUM_CONVERSION = YES;
				CLANG_WARN_INFINITE_RECURSION = YES;
				CLANG_WARN_INT_CONVERSION = YES;
				CLANG_WARN_NON_LITERAL_NULL_CONVERSION = YES;
				CLANG_WARN_OBJC_IMPLICIT_RETAIN_SELF = YES;
				CLANG_WARN_OBJC_LITERAL_CONVERSION = YES;
				CLANG_WARN_OBJC_ROOT_CLASS = YES_ERROR;
				CLANG_WARN_QUOTED_INCLUDE_IN_FRAMEWORK_HEADER = YES;
				CLANG_WARN_RANGE_LOOP_ANALYSIS = YES;
				CLANG_WARN_STRICT_PROTOTYPES = YES;
				CLANG_WARN_SUSPICIOUS_MOVE = YES;
				CLANG_WARN_UNGUARDED_AVAILABILITY = YES_AGGRESSIVE;
				CLANG_WARN_UNREACHABLE_CODE = YES;
				CLANG_WARN__DUPLICATE_METHOD_MATCH = YES;
				COPY_PHASE_STRIP = NO;
				DEBUG_INFORMATION_FORMAT = dwarf;
				ENABLE_STRICT_OBJC_MSGSEND = YES;
				ENABLE_TESTABILITY = YES;
				GCC_C_LANGUAGE_STANDARD = gnu11;
				GCC_DYNAMIC_NO_PIC = NO;
				GCC_NO_COMMON_BLOCKS = YES;
				GCC_OPTIMIZATION_LEVEL = 0;
				GCC_PREPROCESSOR_DEFINITIONS = (
					"DEBUG=1",
					"$(inherited)",
				);
				GCC_WARN_64_TO_32_BIT_CONVERSION = YES;
				GCC_WARN_ABOUT_RETURN_TYPE = YES_ERROR;
				GCC_WARN_UNDECLARED_SELECTOR = YES;
				GCC_WARN_UNINITIALIZED_AUTOS = YES_AGGRESSIVE;
				GCC_WARN_UNUSED_FUNCTION = YES;
				GCC_WARN_UNUSED_VARIABLE = YES;
				IPHONEOS_DEPLOYMENT_TARGET = 15.5;
				MTL_ENABLE_DEBUG_INFO = INCLUDE_SOURCE;
				MTL_FAST_MATH = YES;
				ONLY_ACTIVE_ARCH = YES;
				SDKROOT = iphoneos;
				SWIFT_ACTIVE_COMPILATION_CONDITIONS = DEBUG;
				SWIFT_OPTIMIZATION_LEVEL = "-Onone";
			};
			name = Debug;
		};
		DEEFD49328CF48AE003BECF5 /* Release */ = {
			isa = XCBuildConfiguration;
			buildSettings = {
				ALWAYS_SEARCH_USER_PATHS = NO;
				CLANG_ANALYZER_NONNULL = YES;
				CLANG_ANALYZER_NUMBER_OBJECT_CONVERSION = YES_AGGRESSIVE;
				CLANG_CXX_LANGUAGE_STANDARD = "gnu++17";
				CLANG_ENABLE_MODULES = YES;
				CLANG_ENABLE_OBJC_ARC = YES;
				CLANG_ENABLE_OBJC_WEAK = YES;
				CLANG_WARN_BLOCK_CAPTURE_AUTORELEASING = YES;
				CLANG_WARN_BOOL_CONVERSION = YES;
				CLANG_WARN_COMMA = YES;
				CLANG_WARN_CONSTANT_CONVERSION = YES;
				CLANG_WARN_DEPRECATED_OBJC_IMPLEMENTATIONS = YES;
				CLANG_WARN_DIRECT_OBJC_ISA_USAGE = YES_ERROR;
				CLANG_WARN_DOCUMENTATION_COMMENTS = YES;
				CLANG_WARN_EMPTY_BODY = YES;
				CLANG_WARN_ENUM_CONVERSION = YES;
				CLANG_WARN_INFINITE_RECURSION = YES;
				CLANG_WARN_INT_CONVERSION = YES;
				CLANG_WARN_NON_LITERAL_NULL_CONVERSION = YES;
				CLANG_WARN_OBJC_IMPLICIT_RETAIN_SELF = YES;
				CLANG_WARN_OBJC_LITERAL_CONVERSION = YES;
				CLANG_WARN_OBJC_ROOT_CLASS = YES_ERROR;
				CLANG_WARN_QUOTED_INCLUDE_IN_FRAMEWORK_HEADER = YES;
				CLANG_WARN_RANGE_LOOP_ANALYSIS = YES;
				CLANG_WARN_STRICT_PROTOTYPES = YES;
				CLANG_WARN_SUSPICIOUS_MOVE = YES;
				CLANG_WARN_UNGUARDED_AVAILABILITY = YES_AGGRESSIVE;
				CLANG_WARN_UNREACHABLE_CODE = YES;
				CLANG_WARN__DUPLICATE_METHOD_MATCH = YES;
				COPY_PHASE_STRIP = NO;
				DEBUG_INFORMATION_FORMAT = "dwarf-with-dsym";
				ENABLE_NS_ASSERTIONS = NO;
				ENABLE_STRICT_OBJC_MSGSEND = YES;
				GCC_C_LANGUAGE_STANDARD = gnu11;
				GCC_NO_COMMON_BLOCKS = YES;
				GCC_WARN_64_TO_32_BIT_CONVERSION = YES;
				GCC_WARN_ABOUT_RETURN_TYPE = YES_ERROR;
				GCC_WARN_UNDECLARED_SELECTOR = YES;
				GCC_WARN_UNINITIALIZED_AUTOS = YES_AGGRESSIVE;
				GCC_WARN_UNUSED_FUNCTION = YES;
				GCC_WARN_UNUSED_VARIABLE = YES;
				IPHONEOS_DEPLOYMENT_TARGET = 15.5;
				MTL_ENABLE_DEBUG_INFO = NO;
				MTL_FAST_MATH = YES;
				SDKROOT = iphoneos;
				SWIFT_COMPILATION_MODE = wholemodule;
				SWIFT_OPTIMIZATION_LEVEL = "-O";
				VALIDATE_PRODUCT = YES;
			};
			name = Release;
		};
		DEEFD49528CF48AE003BECF5 /* Debug */ = {
			isa = XCBuildConfiguration;
			buildSettings = {
				ASSETCATALOG_COMPILER_APPICON_NAME = AppIcon;
				ASSETCATALOG_COMPILER_GLOBAL_ACCENT_COLOR_NAME = AccentColor;
				CODE_SIGN_STYLE = Automatic;
				CURRENT_PROJECT_VERSION = 1;
				DEVELOPMENT_ASSET_PATHS = "\"Avows Recruitment/Preview Content\"";
				DEVELOPMENT_TEAM = XYCHZK7XK5;
				ENABLE_PREVIEWS = YES;
				GENERATE_INFOPLIST_FILE = YES;
				INFOPLIST_KEY_UIApplicationSceneManifest_Generation = YES;
				INFOPLIST_KEY_UIApplicationSupportsIndirectInputEvents = YES;
				INFOPLIST_KEY_UILaunchScreen_Generation = YES;
				INFOPLIST_KEY_UISupportedInterfaceOrientations_iPad = "UIInterfaceOrientationPortrait UIInterfaceOrientationPortraitUpsideDown UIInterfaceOrientationLandscapeLeft UIInterfaceOrientationLandscapeRight";
				INFOPLIST_KEY_UISupportedInterfaceOrientations_iPhone = "UIInterfaceOrientationPortrait UIInterfaceOrientationLandscapeLeft UIInterfaceOrientationLandscapeRight";
				LD_RUNPATH_SEARCH_PATHS = (
					"$(inherited)",
					"@executable_path/Frameworks",
				);
				MARKETING_VERSION = 1.0;
				PRODUCT_BUNDLE_IDENTIFIER = "com.JAW.Avows-Recruitment";
				PRODUCT_NAME = "$(TARGET_NAME)";
				SWIFT_EMIT_LOC_STRINGS = YES;
				SWIFT_VERSION = 5.0;
				TARGETED_DEVICE_FAMILY = "1,2";
			};
			name = Debug;
		};
		DEEFD49628CF48AE003BECF5 /* Release */ = {
			isa = XCBuildConfiguration;
			buildSettings = {
				ASSETCATALOG_COMPILER_APPICON_NAME = AppIcon;
				ASSETCATALOG_COMPILER_GLOBAL_ACCENT_COLOR_NAME = AccentColor;
				CODE_SIGN_STYLE = Automatic;
				CURRENT_PROJECT_VERSION = 1;
				DEVELOPMENT_ASSET_PATHS = "\"Avows Recruitment/Preview Content\"";
				DEVELOPMENT_TEAM = XYCHZK7XK5;
				ENABLE_PREVIEWS = YES;
				GENERATE_INFOPLIST_FILE = YES;
				INFOPLIST_KEY_UIApplicationSceneManifest_Generation = YES;
				INFOPLIST_KEY_UIApplicationSupportsIndirectInputEvents = YES;
				INFOPLIST_KEY_UILaunchScreen_Generation = YES;
				INFOPLIST_KEY_UISupportedInterfaceOrientations_iPad = "UIInterfaceOrientationPortrait UIInterfaceOrientationPortraitUpsideDown UIInterfaceOrientationLandscapeLeft UIInterfaceOrientationLandscapeRight";
				INFOPLIST_KEY_UISupportedInterfaceOrientations_iPhone = "UIInterfaceOrientationPortrait UIInterfaceOrientationLandscapeLeft UIInterfaceOrientationLandscapeRight";
				LD_RUNPATH_SEARCH_PATHS = (
					"$(inherited)",
					"@executable_path/Frameworks",
				);
				MARKETING_VERSION = 1.0;
				PRODUCT_BUNDLE_IDENTIFIER = "com.JAW.Avows-Recruitment";
				PRODUCT_NAME = "$(TARGET_NAME)";
				SWIFT_EMIT_LOC_STRINGS = YES;
				SWIFT_VERSION = 5.0;
				TARGETED_DEVICE_FAMILY = "1,2";
			};
			name = Release;
		};
/* End XCBuildConfiguration section */

/* Begin XCConfigurationList section */
		DEEFD48128CF48AD003BECF5 /* Build configuration list for PBXProject "Avows Recruitment" */ = {
			isa = XCConfigurationList;
			buildConfigurations = (
				DEEFD49228CF48AE003BECF5 /* Debug */,
				DEEFD49328CF48AE003BECF5 /* Release */,
			);
			defaultConfigurationIsVisible = 0;
			defaultConfigurationName = Release;
		};
		DEEFD49428CF48AE003BECF5 /* Build configuration list for PBXNativeTarget "Avows Recruitment" */ = {
			isa = XCConfigurationList;
			buildConfigurations = (
				DEEFD49528CF48AE003BECF5 /* Debug */,
				DEEFD49628CF48AE003BECF5 /* Release */,
			);
			defaultConfigurationIsVisible = 0;
			defaultConfigurationName = Release;
		};
/* End XCConfigurationList section */

/* Begin XCRemoteSwiftPackageReference section */
		DE703C3628CF586A00EF0B2A /* XCRemoteSwiftPackageReference "Alamofire" */ = {
			isa = XCRemoteSwiftPackageReference;
			repositoryURL = "https://github.com/Alamofire/Alamofire";
			requirement = {
				branch = master;
				kind = branch;
			};
		};
/* End XCRemoteSwiftPackageReference section */

/* Begin XCSwiftPackageProductDependency section */
		DE703C3728CF586A00EF0B2A /* Alamofire */ = {
			isa = XCSwiftPackageProductDependency;
			package = DE703C3628CF586A00EF0B2A /* XCRemoteSwiftPackageReference "Alamofire" */;
			productName = Alamofire;
		};
/* End XCSwiftPackageProductDependency section */
	};
	rootObject = DEEFD47E28CF48AD003BECF5 /* Project object */;
}
